
Microsoft Visual Studio Solution File, Format Version 12.00
# Visual Studio Version 16
VisualStudioVersion = 16.0.32929.386
MinimumVisualStudioVersion = 10.0.40219.1
Project("{FAE04EC0-301F-11D3-BF4B-00C04F79EFBC}") = "zadachi upr", "zadachi upr\zadachi upr.csproj", "{D41C3C7F-87B6-4929-AFC0-9970BB593939}"
EndProject
Global
	GlobalSection(SolutionConfigurationPlatforms) = preSolution
		Debug|Any CPU = Debug|Any CPU
		Release|Any CPU = Release|Any CPU
	EndGlobalSection
	GlobalSection(ProjectConfigurationPlatforms) = postSolution
		{D41C3C7F-87B6-4929-AFC0-9970BB593939}.Debug|Any CPU.ActiveCfg = Debug|Any CPU
		{D41C3C7F-87B6-4929-AFC0-9970BB593939}.Debug|Any CPU.Build.0 = Debug|Any CPU
		{D41C3C7F-87B6-4929-AFC0-9970BB593939}.Release|Any CPU.ActiveCfg = Release|Any CPU
		{D41C3C7F-87B6-4929-AFC0-9970BB593939}.Release|Any CPU.Build.0 = Release|Any CPU
	EndGlobalSection
	GlobalSection(SolutionProperties) = preSolution
		HideSolutionNode = FALSE
	EndGlobalSection
	GlobalSection(ExtensibilityGlobals) = postSolution
		SolutionGuid = {E7A022B2-97B0-4102-A0F2-A5BE691BD366}
	EndGlobalSection
EndGlobal
